{
  "requires": true,
  "lockfileVersion": 1,
  "dependencies": {
    "awesome-js-funcs": {
      "version": "0.1.6",
      "resolved": "https://registry.npmjs.org/awesome-js-funcs/-/awesome-js-funcs-0.1.6.tgz",
      "integrity": "sha512-h9BRq8eBXk1zc8XVC3gl5MtQ9xv1qKMgzO6HTZtfw8/aUYFmZRBoZ5trqVNYjoBt+Ls0l9ZL9vOsb9+jI/T/hw=="
    },
    "swiper-animation": {
      "version": "2.0.1",
      "resolved": "https://registry.npmjs.org/swiper-animation/-/swiper-animation-2.0.1.tgz",
      "integrity": "sha512-/qz4h9FTZeCkuIVqIBi24mZ2OkenBsaNg1hGEU1tsQ5rcGEc9vcKYiJ3k6iPWj0E+6iIOd9dqNZw9IgjrC2JzA==",
      "requires": {
        "awesome-js-funcs": "^0.1.6"
      }
    }
  }
}
